
Microsoft Visual Studio Solution File, Format Version 12.00
# Visual Studio Version 17
VisualStudioVersion = 17.12.35527.113
MinimumVisualStudioVersion = 10.0.40219.1
Project("{FAE04EC0-301F-11D3-BF4B-00C04F79EFBC}") = "NextTimeTsuyu2", "NextTimeTsuyu2\NextTimeTsuyu2.csproj", "{D8421E8B-FE7F-429E-9E21-5D229168F9F7}"
EndProject
Project("{FAE04EC0-301F-11D3-BF4B-00C04F79EFBC}") = "WinFormTest", "WinFormTest\WinFormTest.csproj", "{34C99CA3-9F63-4BA3-961E-A6853073F6C4}"
EndProject
Project("{FAE04EC0-301F-11D3-BF4B-00C04F79EFBC}") = "NTTSystem", "NTTSystem\NTTSystem.csproj", "{EFA6E533-8A73-4EDF-878A-9E385B6137FF}"
EndProject
Global
	GlobalSection(SolutionConfigurationPlatforms) = preSolution
		Debug|Any CPU = Debug|Any CPU
		Release|Any CPU = Release|Any CPU
	EndGlobalSection
	GlobalSection(ProjectConfigurationPlatforms) = postSolution
		{D8421E8B-FE7F-429E-9E21-5D229168F9F7}.Debug|Any CPU.ActiveCfg = Debug|Any CPU
		{D8421E8B-FE7F-429E-9E21-5D229168F9F7}.Debug|Any CPU.Build.0 = Debug|Any CPU
		{D8421E8B-FE7F-429E-9E21-5D229168F9F7}.Release|Any CPU.ActiveCfg = Release|Any CPU
		{D8421E8B-FE7F-429E-9E21-5D229168F9F7}.Release|Any CPU.Build.0 = Release|Any CPU
		{34C99CA3-9F63-4BA3-961E-A6853073F6C4}.Debug|Any CPU.ActiveCfg = Debug|Any CPU
		{34C99CA3-9F63-4BA3-961E-A6853073F6C4}.Debug|Any CPU.Build.0 = Debug|Any CPU
		{34C99CA3-9F63-4BA3-961E-A6853073F6C4}.Release|Any CPU.ActiveCfg = Release|Any CPU
		{34C99CA3-9F63-4BA3-961E-A6853073F6C4}.Release|Any CPU.Build.0 = Release|Any CPU
		{EFA6E533-8A73-4EDF-878A-9E385B6137FF}.Debug|Any CPU.ActiveCfg = Debug|Any CPU
		{EFA6E533-8A73-4EDF-878A-9E385B6137FF}.Debug|Any CPU.Build.0 = Debug|Any CPU
		{EFA6E533-8A73-4EDF-878A-9E385B6137FF}.Release|Any CPU.ActiveCfg = Release|Any CPU
		{EFA6E533-8A73-4EDF-878A-9E385B6137FF}.Release|Any CPU.Build.0 = Release|Any CPU
	EndGlobalSection
	GlobalSection(SolutionProperties) = preSolution
		HideSolutionNode = FALSE
	EndGlobalSection
EndGlobal
